
Microsoft Visual Studio Solution File, Format Version 12.00
# Visual Studio 15
VisualStudioVersion = 15.0.28307.1062
MinimumVisualStudioVersion = 10.0.40219.1
Project("{FAE04EC0-301F-11D3-BF4B-00C04F79EFBC}") = "ExercicioLambda", "ExercicioLambda\ExercicioLambda.csproj", "{FF15EB42-0996-4BD3-8EEE-DDD97CD81C87}"
EndProject
Global
	GlobalSection(SolutionConfigurationPlatforms) = preSolution
		Debug|Any CPU = Debug|Any CPU
		Release|Any CPU = Release|Any CPU
	EndGlobalSection
	GlobalSection(ProjectConfigurationPlatforms) = postSolution
		{FF15EB42-0996-4BD3-8EEE-DDD97CD81C87}.Debug|Any CPU.ActiveCfg = Debug|Any CPU
		{FF15EB42-0996-4BD3-8EEE-DDD97CD81C87}.Debug|Any CPU.Build.0 = Debug|Any CPU
		{FF15EB42-0996-4BD3-8EEE-DDD97CD81C87}.Release|Any CPU.ActiveCfg = Release|Any CPU
		{FF15EB42-0996-4BD3-8EEE-DDD97CD81C87}.Release|Any CPU.Build.0 = Release|Any CPU
	EndGlobalSection
	GlobalSection(SolutionProperties) = preSolution
		HideSolutionNode = FALSE
	EndGlobalSection
	GlobalSection(ExtensibilityGlobals) = postSolution
		SolutionGuid = {F486BE9D-68B5-4CD4-B383-0103B18E511A}
	EndGlobalSection
EndGlobal
